
Microsoft Visual Studio Solution File, Format Version 12.00
# Visual Studio Version 17
VisualStudioVersion = 17.4.32804.182
MinimumVisualStudioVersion = 10.0.40219.1
Project("{FAE04EC0-301F-11D3-BF4B-00C04F79EFBC}") = "Scope1", "Scope1\Scope1.csproj", "{108FD9C5-3BE6-4EFA-98B0-D5FB7DA23E37}"
EndProject
Global
	GlobalSection(SolutionConfigurationPlatforms) = preSolution
		Debug|Any CPU = Debug|Any CPU
		Release|Any CPU = Release|Any CPU
	EndGlobalSection
	GlobalSection(ProjectConfigurationPlatforms) = postSolution
		{108FD9C5-3BE6-4EFA-98B0-D5FB7DA23E37}.Debug|Any CPU.ActiveCfg = Debug|Any CPU
		{108FD9C5-3BE6-4EFA-98B0-D5FB7DA23E37}.Debug|Any CPU.Build.0 = Debug|Any CPU
		{108FD9C5-3BE6-4EFA-98B0-D5FB7DA23E37}.Release|Any CPU.ActiveCfg = Release|Any CPU
		{108FD9C5-3BE6-4EFA-98B0-D5FB7DA23E37}.Release|Any CPU.Build.0 = Release|Any CPU
	EndGlobalSection
	GlobalSection(SolutionProperties) = preSolution
		HideSolutionNode = FALSE
	EndGlobalSection
	GlobalSection(ExtensibilityGlobals) = postSolution
		SolutionGuid = {0393BC51-BB27-4DA6-A3E4-AF3D0B44DA5B}
	EndGlobalSection
EndGlobal
